
Microsoft Visual Studio Solution File, Format Version 12.00
# Visual Studio Version 17
VisualStudioVersion = 17.0.31903.59
MinimumVisualStudioVersion = 10.0.40219.1
Project("{2150E333-8FDC-42A3-9474-1A3956D46DE8}") = "Apps", "Apps", "{6DA61135-B392-45F6-AEA1-C385C5108A85}"
EndProject
Project("{9A19103F-16F7-4668-BE54-9A1E7A4F7556}") = "Tisa.Store", "Apps\Tisa.Store\Tisa.Store.csproj", "{2F95C299-A249-4E87-80B2-F662BC09D771}"
EndProject
Project("{9A19103F-16F7-4668-BE54-9A1E7A4F7556}") = "Tisa.Store.Web", "Apps\Tisa.Store.Web\Tisa.Store.Web.csproj", "{B7DF8973-CB2D-4AB0-911D-4B071489F93C}"
EndProject
Project("{9A19103F-16F7-4668-BE54-9A1E7A4F7556}") = "Tisa.Store.App", "Apps\Tisa.Store.App\Tisa.Store.App.csproj", "{1B68514F-7F1F-4C31-9580-59D733B060AB}"
EndProject
Project("{9A19103F-16F7-4668-BE54-9A1E7A4F7556}") = "Tisa.Store.Web.Ui", "Apps\Tisa.Store.Web.Ui\Tisa.Store.Web.Ui.csproj", "{03855034-66A5-46BC-8AB8-D965E26A7B6A}"
EndProject
Global
	GlobalSection(SolutionConfigurationPlatforms) = preSolution
		Debug|Any CPU = Debug|Any CPU
		Release|Any CPU = Release|Any CPU
	EndGlobalSection
	GlobalSection(ProjectConfigurationPlatforms) = postSolution
		{2F95C299-A249-4E87-80B2-F662BC09D771}.Debug|Any CPU.ActiveCfg = Debug|Any CPU
		{2F95C299-A249-4E87-80B2-F662BC09D771}.Debug|Any CPU.Build.0 = Debug|Any CPU
		{2F95C299-A249-4E87-80B2-F662BC09D771}.Release|Any CPU.ActiveCfg = Release|Any CPU
		{2F95C299-A249-4E87-80B2-F662BC09D771}.Release|Any CPU.Build.0 = Release|Any CPU
		{B7DF8973-CB2D-4AB0-911D-4B071489F93C}.Debug|Any CPU.ActiveCfg = Debug|Any CPU
		{B7DF8973-CB2D-4AB0-911D-4B071489F93C}.Debug|Any CPU.Build.0 = Debug|Any CPU
		{B7DF8973-CB2D-4AB0-911D-4B071489F93C}.Release|Any CPU.ActiveCfg = Release|Any CPU
		{B7DF8973-CB2D-4AB0-911D-4B071489F93C}.Release|Any CPU.Build.0 = Release|Any CPU
		{1B68514F-7F1F-4C31-9580-59D733B060AB}.Debug|Any CPU.ActiveCfg = Debug|Any CPU
		{1B68514F-7F1F-4C31-9580-59D733B060AB}.Debug|Any CPU.Build.0 = Debug|Any CPU
		{1B68514F-7F1F-4C31-9580-59D733B060AB}.Release|Any CPU.ActiveCfg = Release|Any CPU
		{1B68514F-7F1F-4C31-9580-59D733B060AB}.Release|Any CPU.Build.0 = Release|Any CPU
		{03855034-66A5-46BC-8AB8-D965E26A7B6A}.Debug|Any CPU.ActiveCfg = Debug|Any CPU
		{03855034-66A5-46BC-8AB8-D965E26A7B6A}.Debug|Any CPU.Build.0 = Debug|Any CPU
		{03855034-66A5-46BC-8AB8-D965E26A7B6A}.Release|Any CPU.ActiveCfg = Release|Any CPU
		{03855034-66A5-46BC-8AB8-D965E26A7B6A}.Release|Any CPU.Build.0 = Release|Any CPU
	EndGlobalSection
	GlobalSection(SolutionProperties) = preSolution
		HideSolutionNode = FALSE
	EndGlobalSection
	GlobalSection(NestedProjects) = preSolution
		{2F95C299-A249-4E87-80B2-F662BC09D771} = {6DA61135-B392-45F6-AEA1-C385C5108A85}
		{B7DF8973-CB2D-4AB0-911D-4B071489F93C} = {6DA61135-B392-45F6-AEA1-C385C5108A85}
		{1B68514F-7F1F-4C31-9580-59D733B060AB} = {6DA61135-B392-45F6-AEA1-C385C5108A85}
		{03855034-66A5-46BC-8AB8-D965E26A7B6A} = {6DA61135-B392-45F6-AEA1-C385C5108A85}
	EndGlobalSection
EndGlobal
